// !$*UTF8*$!
{
	archiveVersion = 1;
	classes = {
	};
	objectVersion = 46;
	objects = {

/* Begin PBXBuildFile section */
		36FC47FB17CCDAF700EB01F3 /* UIKit.framework in Frameworks */ = {isa = PBXBuildFile; fileRef = 36FC47FA17CCDAF700EB01F3 /* UIKit.framework */; };
		36FC47FD17CCDAF700EB01F3 /* Foundation.framework in Frameworks */ = {isa = PBXBuildFile; fileRef = 36FC47FC17CCDAF700EB01F3 /* Foundation.framework */; };
		36FC47FF17CCDAF700EB01F3 /* CoreGraphics.framework in Frameworks */ = {isa = PBXBuildFile; fileRef = 36FC47FE17CCDAF700EB01F3 /* CoreGraphics.framework */; };
		36FC480517CCDAF700EB01F3 /* InfoPlist.strings in Resources */ = {isa = PBXBuildFile; fileRef = 36FC480317CCDAF700EB01F3 /* InfoPlist.strings */; };
		36FC480717CCDAF700EB01F3 /* main.m in Sources */ = {isa = PBXBuildFile; fileRef = 36FC480617CCDAF700EB01F3 /* main.m */; };
		36FC480B17CCDAF700EB01F3 /* AppDelegate.m in Sources */ = {isa = PBXBuildFile; fileRef = 36FC480A17CCDAF700EB01F3 /* AppDelegate.m */; };
		36FC480D17CCDAF700EB01F3 /* Default.png in Resources */ = {isa = PBXBuildFile; fileRef = 36FC480C17CCDAF700EB01F3 /* Default.png */; };
		36FC480F17CCDAF700EB01F3 /* Default@2x.png in Resources */ = {isa = PBXBuildFile; fileRef = 36FC480E17CCDAF700EB01F3 /* Default@2x.png */; };
		36FC481117CCDAF700EB01F3 /* Default-568h@2x.png in Resources */ = {isa = PBXBuildFile; fileRef = 36FC481017CCDAF700EB01F3 /* Default-568h@2x.png */; };
		36FC481417CCDAF700EB01F3 /* ViewController.m in Sources */ = {isa = PBXBuildFile; fileRef = 36FC481317CCDAF700EB01F3 /* ViewController.m */; };
		36FC481717CCDAF700EB01F3 /* ViewController.xib in Resources */ = {isa = PBXBuildFile; fileRef = 36FC481517CCDAF700EB01F3 /* ViewController.xib */; };
		36FC481F17CCDAF700EB01F3 /* SenTestingKit.framework in Frameworks */ = {isa = PBXBuildFile; fileRef = 36FC481E17CCDAF700EB01F3 /* SenTestingKit.framework */; };
		36FC482017CCDAF700EB01F3 /* UIKit.framework in Frameworks */ = {isa = PBXBuildFile; fileRef = 36FC47FA17CCDAF700EB01F3 /* UIKit.framework */; };
		36FC482117CCDAF700EB01F3 /* Foundation.framework in Frameworks */ = {isa = PBXBuildFile; fileRef = 36FC47FC17CCDAF700EB01F3 /* Foundation.framework */; };
		36FC482917CCDAF700EB01F3 /* InfoPlist.strings in Resources */ = {isa = PBXBuildFile; fileRef = 36FC482717CCDAF700EB01F3 /* InfoPlist.strings */; };
		36FC482C17CCDAF700EB01F3 /* Andrei_Birsan_AOC1_W4Tests.m in Sources */ = {isa = PBXBuildFile; fileRef = 36FC482B17CCDAF700EB01F3 /* Andrei_Birsan_AOC1_W4Tests.m */; };
/* End PBXBuildFile section */

/* Begin PBXContainerItemProxy section */
		36FC482217CCDAF700EB01F3 /* PBXContainerItemProxy */ = {
			isa = PBXContainerItemProxy;
			containerPortal = 36FC47EF17CCDAF700EB01F3 /* Project object */;
			proxyType = 1;
			remoteGlobalIDString = 36FC47F617CCDAF700EB01F3;
			remoteInfo = Andrei_Birsan_AOC1_W4;
		};
/* End PBXContainerItemProxy section */

/* Begin PBXFileReference section */
		36FC47F717CCDAF700EB01F3 /* Andrei_Birsan_AOC1_W4.app */ = {isa = PBXFileReference; explicitFileType = wrapper.application; includeInIndex = 0; path = Andrei_Birsan_AOC1_W4.app; sourceTree = BUILT_PRODUCTS_DIR; };
		36FC47FA17CCDAF700EB01F3 /* UIKit.framework */ = {isa = PBXFileReference; lastKnownFileType = wrapper.framework; name = UIKit.framework; path = System/Library/Frameworks/UIKit.framework; sourceTree = SDKROOT; };
		36FC47FC17CCDAF700EB01F3 /* Foundation.framework */ = {isa = PBXFileReference; lastKnownFileType = wrapper.framework; name = Foundation.framework; path = System/Library/Frameworks/Foundation.framework; sourceTree = SDKROOT; };
		36FC47FE17CCDAF700EB01F3 /* CoreGraphics.framework */ = {isa = PBXFileReference; lastKnownFileType = wrapper.framework; name = CoreGraphics.framework; path = System/Library/Frameworks/CoreGraphics.framework; sourceTree = SDKROOT; };
		36FC480217CCDAF700EB01F3 /* Andrei_Birsan_AOC1_W4-Info.plist */ = {isa = PBXFileReference; lastKnownFileType = text.plist.xml; path = "Andrei_Birsan_AOC1_W4-Info.plist"; sourceTree = "<group>"; };
		36FC480417CCDAF700EB01F3 /* en */ = {isa = PBXFileReference; lastKnownFileType = text.plist.strings; name = en; path = en.lproj/InfoPlist.strings; sourceTree = "<group>"; };
		36FC480617CCDAF700EB01F3 /* main.m */ = {isa = PBXFileReference; lastKnownFileType = sourcecode.c.objc; path = main.m; sourceTree = "<group>"; };
		36FC480817CCDAF700EB01F3 /* Andrei_Birsan_AOC1_W4-Prefix.pch */ = {isa = PBXFileReference; lastKnownFileType = sourcecode.c.h; path = "Andrei_Birsan_AOC1_W4-Prefix.pch"; sourceTree = "<group>"; };
		36FC480917CCDAF700EB01F3 /* AppDelegate.h */ = {isa = PBXFileReference; lastKnownFileType = sourcecode.c.h; path = AppDelegate.h; sourceTree = "<group>"; };
		36FC480A17CCDAF700EB01F3 /* AppDelegate.m */ = {isa = PBXFileReference; lastKnownFileType = sourcecode.c.objc; path = AppDelegate.m; sourceTree = "<group>"; };
		36FC480C17CCDAF700EB01F3 /* Default.png */ = {isa = PBXFileReference; lastKnownFileType = image.png; path = Default.png; sourceTree = "<group>"; };
		36FC480E17CCDAF700EB01F3 /* Default@2x.png */ = {isa = PBXFileReference; lastKnownFileType = image.png; path = "Default@2x.png"; sourceTree = "<group>"; };
		36FC481017CCDAF700EB01F3 /* Default-568h@2x.png */ = {isa = PBXFileReference; lastKnownFileType = image.png; path = "Default-568h@2x.png"; sourceTree = "<group>"; };
		36FC481217CCDAF700EB01F3 /* ViewController.h */ = {isa = PBXFileReference; lastKnownFileType = sourcecode.c.h; path = ViewController.h; sourceTree = "<group>"; };
		36FC481317CCDAF700EB01F3 /* ViewController.m */ = {isa = PBXFileReference; lastKnownFileType = sourcecode.c.objc; path = ViewController.m; sourceTree = "<group>"; };
		36FC481617CCDAF700EB01F3 /* en */ = {isa = PBXFileReference; lastKnownFileType = file.xib; name = en; path = en.lproj/ViewController.xib; sourceTree = "<group>"; };
		36FC481D17CCDAF700EB01F3 /* Andrei_Birsan_AOC1_W4Tests.octest */ = {isa = PBXFileReference; explicitFileType = wrapper.cfbundle; includeInIndex = 0; path = Andrei_Birsan_AOC1_W4Tests.octest; sourceTree = BUILT_PRODUCTS_DIR; };
		36FC481E17CCDAF700EB01F3 /* SenTestingKit.framework */ = {isa = PBXFileReference; lastKnownFileType = wrapper.framework; name = SenTestingKit.framework; path = Library/Frameworks/SenTestingKit.framework; sourceTree = DEVELOPER_DIR; };
		36FC482617CCDAF700EB01F3 /* Andrei_Birsan_AOC1_W4Tests-Info.plist */ = {isa = PBXFileReference; lastKnownFileType = text.plist.xml; path = "Andrei_Birsan_AOC1_W4Tests-Info.plist"; sourceTree = "<group>"; };
		36FC482817CCDAF700EB01F3 /* en */ = {isa = PBXFileReference; lastKnownFileType = text.plist.strings; name = en; path = en.lproj/InfoPlist.strings; sourceTree = "<group>"; };
		36FC482A17CCDAF700EB01F3 /* Andrei_Birsan_AOC1_W4Tests.h */ = {isa = PBXFileReference; lastKnownFileType = sourcecode.c.h; path = Andrei_Birsan_AOC1_W4Tests.h; sourceTree = "<group>"; };
		36FC482B17CCDAF700EB01F3 /* Andrei_Birsan_AOC1_W4Tests.m */ = {isa = PBXFileReference; lastKnownFileType = sourcecode.c.objc; path = Andrei_Birsan_AOC1_W4Tests.m; sourceTree = "<group>"; };
/* End PBXFileReference section */

/* Begin PBXFrameworksBuildPhase section */
		36FC47F417CCDAF700EB01F3 /* Frameworks */ = {
			isa = PBXFrameworksBuildPhase;
			buildActionMask = 2147483647;
			files = (
				36FC47FB17CCDAF700EB01F3 /* UIKit.framework in Frameworks */,
				36FC47FD17CCDAF700EB01F3 /* Foundation.framework in Frameworks */,
				36FC47FF17CCDAF700EB01F3 /* CoreGraphics.framework in Frameworks */,
			);
			runOnlyForDeploymentPostprocessing = 0;
		};
		36FC481917CCDAF700EB01F3 /* Frameworks */ = {
			isa = PBXFrameworksBuildPhase;
			buildActionMask = 2147483647;
			files = (
				36FC481F17CCDAF700EB01F3 /* SenTestingKit.framework in Frameworks */,
				36FC482017CCDAF700EB01F3 /* UIKit.framework in Frameworks */,
				36FC482117CCDAF700EB01F3 /* Foundation.framework in Frameworks */,
			);
			runOnlyForDeploymentPostprocessing = 0;
		};
/* End PBXFrameworksBuildPhase section */

/* Begin PBXGroup section */
		36FC47EE17CCDAF700EB01F3 = {
			isa = PBXGroup;
			children = (
				36FC480017CCDAF700EB01F3 /* Andrei_Birsan_AOC1_W4 */,
				36FC482417CCDAF700EB01F3 /* Andrei_Birsan_AOC1_W4Tests */,
				36FC47F917CCDAF700EB01F3 /* Frameworks */,
				36FC47F817CCDAF700EB01F3 /* Products */,
			);
			sourceTree = "<group>";
		};
		36FC47F817CCDAF700EB01F3 /* Products */ = {
			isa = PBXGroup;
			children = (
				36FC47F717CCDAF700EB01F3 /* Andrei_Birsan_AOC1_W4.app */,
				36FC481D17CCDAF700EB01F3 /* Andrei_Birsan_AOC1_W4Tests.octest */,
			);
			name = Products;
			sourceTree = "<group>";
		};
		36FC47F917CCDAF700EB01F3 /* Frameworks */ = {
			isa = PBXGroup;
			children = (
				36FC47FA17CCDAF700EB01F3 /* UIKit.framework */,
				36FC47FC17CCDAF700EB01F3 /* Foundation.framework */,
				36FC47FE17CCDAF700EB01F3 /* CoreGraphics.framework */,
				36FC481E17CCDAF700EB01F3 /* SenTestingKit.framework */,
			);
			name = Frameworks;
			sourceTree = "<group>";
		};
		36FC480017CCDAF700EB01F3 /* Andrei_Birsan_AOC1_W4 */ = {
			isa = PBXGroup;
			children = (
				36FC480917CCDAF700EB01F3 /* AppDelegate.h */,
				36FC480A17CCDAF700EB01F3 /* AppDelegate.m */,
				36FC481217CCDAF700EB01F3 /* ViewController.h */,
				36FC481317CCDAF700EB01F3 /* ViewController.m */,
				36FC481517CCDAF700EB01F3 /* ViewController.xib */,
				36FC480117CCDAF700EB01F3 /* Supporting Files */,
			);
			path = Andrei_Birsan_AOC1_W4;
			sourceTree = "<group>";
		};
		36FC480117CCDAF700EB01F3 /* Supporting Files */ = {
			isa = PBXGroup;
			children = (
				36FC480217CCDAF700EB01F3 /* Andrei_Birsan_AOC1_W4-Info.plist */,
				36FC480317CCDAF700EB01F3 /* InfoPlist.strings */,
				36FC480617CCDAF700EB01F3 /* main.m */,
				36FC480817CCDAF700EB01F3 /* Andrei_Birsan_AOC1_W4-Prefix.pch */,
				36FC480C17CCDAF700EB01F3 /* Default.png */,
				36FC480E17CCDAF700EB01F3 /* Default@2x.png */,
				36FC481017CCDAF700EB01F3 /* Default-568h@2x.png */,
			);
			name = "Supporting Files";
			sourceTree = "<group>";
		};
		36FC482417CCDAF700EB01F3 /* Andrei_Birsan_AOC1_W4Tests */ = {
			isa = PBXGroup;
			children = (
				36FC482A17CCDAF700EB01F3 /* Andrei_Birsan_AOC1_W4Tests.h */,
				36FC482B17CCDAF700EB01F3 /* Andrei_Birsan_AOC1_W4Tests.m */,
				36FC482517CCDAF700EB01F3 /* Supporting Files */,
			);
			path = Andrei_Birsan_AOC1_W4Tests;
			sourceTree = "<group>";
		};
		36FC482517CCDAF700EB01F3 /* Supporting Files */ = {
			isa = PBXGroup;
			children = (
				36FC482617CCDAF700EB01F3 /* Andrei_Birsan_AOC1_W4Tests-Info.plist */,
				36FC482717CCDAF700EB01F3 /* InfoPlist.strings */,
			);
			name = "Supporting Files";
			sourceTree = "<group>";
		};
/* End PBXGroup section */

/* Begin PBXNativeTarget section */
		36FC47F617CCDAF700EB01F3 /* Andrei_Birsan_AOC1_W4 */ = {
			isa = PBXNativeTarget;
			buildConfigurationList = 36FC482F17CCDAF700EB01F3 /* Build configuration list for PBXNativeTarget "Andrei_Birsan_AOC1_W4" */;
			buildPhases = (
				36FC47F317CCDAF700EB01F3 /* Sources */,
				36FC47F417CCDAF700EB01F3 /* Frameworks */,
				36FC47F517CCDAF700EB01F3 /* Resources */,
			);
			buildRules = (
			);
			dependencies = (
			);
			name = Andrei_Birsan_AOC1_W4;
			productName = Andrei_Birsan_AOC1_W4;
			productReference = 36FC47F717CCDAF700EB01F3 /* Andrei_Birsan_AOC1_W4.app */;
			productType = "com.apple.product-type.application";
		};
		36FC481C17CCDAF700EB01F3 /* Andrei_Birsan_AOC1_W4Tests */ = {
			isa = PBXNativeTarget;
			buildConfigurationList = 36FC483217CCDAF700EB01F3 /* Build configuration list for PBXNativeTarget "Andrei_Birsan_AOC1_W4Tests" */;
			buildPhases = (
				36FC481817CCDAF700EB01F3 /* Sources */,
				36FC481917CCDAF700EB01F3 /* Frameworks */,
				36FC481A17CCDAF700EB01F3 /* Resources */,
				36FC481B17CCDAF700EB01F3 /* ShellScript */,
			);
			buildRules = (
			);
			dependencies = (
				36FC482317CCDAF700EB01F3 /* PBXTargetDependency */,
			);
			name = Andrei_Birsan_AOC1_W4Tests;
			productName = Andrei_Birsan_AOC1_W4Tests;
			productReference = 36FC481D17CCDAF700EB01F3 /* Andrei_Birsan_AOC1_W4Tests.octest */;
			productType = "com.apple.product-type.bundle";
		};
/* End PBXNativeTarget section */

/* Begin PBXProject section */
		36FC47EF17CCDAF700EB01F3 /* Project object */ = {
			isa = PBXProject;
			attributes = {
				LastUpgradeCheck = 0460;
				ORGANIZATIONNAME = "Nactus Berrilli";
			};
			buildConfigurationList = 36FC47F217CCDAF700EB01F3 /* Build configuration list for PBXProject "Andrei_Birsan_AOC1_W4" */;
			compatibilityVersion = "Xcode 3.2";
			developmentRegion = English;
			hasScannedForEncodings = 0;
			knownRegions = (
				en,
			);
			mainGroup = 36FC47EE17CCDAF700EB01F3;
			productRefGroup = 36FC47F817CCDAF700EB01F3 /* Products */;
			projectDirPath = "";
			projectRoot = "";
			targets = (
				36FC47F617CCDAF700EB01F3 /* Andrei_Birsan_AOC1_W4 */,
				36FC481C17CCDAF700EB01F3 /* Andrei_Birsan_AOC1_W4Tests */,
			);
		};
/* End PBXProject section */

/* Begin PBXResourcesBuildPhase section */
		36FC47F517CCDAF700EB01F3 /* Resources */ = {
			isa = PBXResourcesBuildPhase;
			buildActionMask = 2147483647;
			files = (
				36FC480517CCDAF700EB01F3 /* InfoPlist.strings in Resources */,
				36FC480D17CCDAF700EB01F3 /* Default.png in Resources */,
				36FC480F17CCDAF700EB01F3 /* Default@2x.png in Resources */,
				36FC481117CCDAF700EB01F3 /* Default-568h@2x.png in Resources */,
				36FC481717CCDAF700EB01F3 /* ViewController.xib in Resources */,
			);
			runOnlyForDeploymentPostprocessing = 0;
		};
		36FC481A17CCDAF700EB01F3 /* Resources */ = {
			isa = PBXResourcesBuildPhase;
			buildActionMask = 2147483647;
			files = (
				36FC482917CCDAF700EB01F3 /* InfoPlist.strings in Resources */,
			);
			runOnlyForDeploymentPostprocessing = 0;
		};
/* End PBXResourcesBuildPhase section */

/* Begin PBXShellScriptBuildPhase section */
		36FC481B17CCDAF700EB01F3 /* ShellScript */ = {
			isa = PBXShellScriptBuildPhase;
			buildActionMask = 2147483647;
			files = (
			);
			inputPaths = (
			);
			outputPaths = (
			);
			runOnlyForDeploymentPostprocessing = 0;
			shellPath = /bin/sh;
			shellScript = "# Run the unit tests in this test bundle.\n\"${SYSTEM_DEVELOPER_DIR}/Tools/RunUnitTests\"\n";
		};
/* End PBXShellScriptBuildPhase section */

/* Begin PBXSourcesBuildPhase section */
		36FC47F317CCDAF700EB01F3 /* Sources */ = {
			isa = PBXSourcesBuildPhase;
			buildActionMask = 2147483647;
			files = (
				36FC480717CCDAF700EB01F3 /* main.m in Sources */,
				36FC480B17CCDAF700EB01F3 /* AppDelegate.m in Sources */,
				36FC481417CCDAF700EB01F3 /* ViewController.m in Sources */,
			);
			runOnlyForDeploymentPostprocessing = 0;
		};
		36FC481817CCDAF700EB01F3 /* Sources */ = {
			isa = PBXSourcesBuildPhase;
			buildActionMask = 2147483647;
			files = (
				36FC482C17CCDAF700EB01F3 /* Andrei_Birsan_AOC1_W4Tests.m in Sources */,
			);
			runOnlyForDeploymentPostprocessing = 0;
		};
/* End PBXSourcesBuildPhase section */

/* Begin PBXTargetDependency section */
		36FC482317CCDAF700EB01F3 /* PBXTargetDependency */ = {
			isa = PBXTargetDependency;
			target = 36FC47F617CCDAF700EB01F3 /* Andrei_Birsan_AOC1_W4 */;
			targetProxy = 36FC482217CCDAF700EB01F3 /* PBXContainerItemProxy */;
		};
/* End PBXTargetDependency section */

/* Begin PBXVariantGroup section */
		36FC480317CCDAF700EB01F3 /* InfoPlist.strings */ = {
			isa = PBXVariantGroup;
			children = (
				36FC480417CCDAF700EB01F3 /* en */,
			);
			name = InfoPlist.strings;
			sourceTree = "<group>";
		};
		36FC481517CCDAF700EB01F3 /* ViewController.xib */ = {
			isa = PBXVariantGroup;
			children = (
				36FC481617CCDAF700EB01F3 /* en */,
			);
			name = ViewController.xib;
			sourceTree = "<group>";
		};
		36FC482717CCDAF700EB01F3 /* InfoPlist.strings */ = {
			isa = PBXVariantGroup;
			children = (
				36FC482817CCDAF700EB01F3 /* en */,
			);
			name = InfoPlist.strings;
			sourceTree = "<group>";
		};
/* End PBXVariantGroup section */

/* Begin XCBuildConfiguration section */
		36FC482D17CCDAF700EB01F3 /* Debug */ = {
			isa = XCBuildConfiguration;
			buildSettings = {
				ALWAYS_SEARCH_USER_PATHS = NO;
				CLANG_CXX_LANGUAGE_STANDARD = "gnu++0x";
				CLANG_CXX_LIBRARY = "libc++";
				CLANG_ENABLE_OBJC_ARC = YES;
				CLANG_WARN_CONSTANT_CONVERSION = YES;
				CLANG_WARN_EMPTY_BODY = YES;
				CLANG_WARN_ENUM_CONVERSION = YES;
				CLANG_WARN_INT_CONVERSION = YES;
				CLANG_WARN__DUPLICATE_METHOD_MATCH = YES;
				"CODE_SIGN_IDENTITY[sdk=iphoneos*]" = "iPhone Developer";
				COPY_PHASE_STRIP = NO;
				GCC_C_LANGUAGE_STANDARD = gnu99;
				GCC_DYNAMIC_NO_PIC = NO;
				GCC_OPTIMIZATION_LEVEL = 0;
				GCC_PREPROCESSOR_DEFINITIONS = (
					"DEBUG=1",
					"$(inherited)",
				);
				GCC_SYMBOLS_PRIVATE_EXTERN = NO;
				GCC_WARN_ABOUT_RETURN_TYPE = YES;
				GCC_WARN_UNINITIALIZED_AUTOS = YES;
				GCC_WARN_UNUSED_VARIABLE = YES;
				IPHONEOS_DEPLOYMENT_TARGET = 6.1;
				ONLY_ACTIVE_ARCH = YES;
				SDKROOT = iphoneos;
			};
			name = Debug;
		};
		36FC482E17CCDAF700EB01F3 /* Release */ = {
			isa = XCBuildConfiguration;
			buildSettings = {
				ALWAYS_SEARCH_USER_PATHS = NO;
				CLANG_CXX_LANGUAGE_STANDARD = "gnu++0x";
				CLANG_CXX_LIBRARY = "libc++";
				CLANG_ENABLE_OBJC_ARC = YES;
				CLANG_WARN_CONSTANT_CONVERSION = YES;
				CLANG_WARN_EMPTY_BODY = YES;
				CLANG_WARN_ENUM_CONVERSION = YES;
				CLANG_WARN_INT_CONVERSION = YES;
				CLANG_WARN__DUPLICATE_METHOD_MATCH = YES;
				"CODE_SIGN_IDENTITY[sdk=iphoneos*]" = "iPhone Developer";
				COPY_PHASE_STRIP = YES;
				GCC_C_LANGUAGE_STANDARD = gnu99;
				GCC_WARN_ABOUT_RETURN_TYPE = YES;
				GCC_WARN_UNINITIALIZED_AUTOS = YES;
				GCC_WARN_UNUSED_VARIABLE = YES;
				IPHONEOS_DEPLOYMENT_TARGET = 6.1;
				OTHER_CFLAGS = "-DNS_BLOCK_ASSERTIONS=1";
				SDKROOT = iphoneos;
				VALIDATE_PRODUCT = YES;
			};
			name = Release;
		};
		36FC483017CCDAF700EB01F3 /* Debug */ = {
			isa = XCBuildConfiguration;
			buildSettings = {
				GCC_PRECOMPILE_PREFIX_HEADER = YES;
				GCC_PREFIX_HEADER = "Andrei_Birsan_AOC1_W4/Andrei_Birsan_AOC1_W4-Prefix.pch";
				INFOPLIST_FILE = "Andrei_Birsan_AOC1_W4/Andrei_Birsan_AOC1_W4-Info.plist";
				PRODUCT_NAME = "$(TARGET_NAME)";
				WRAPPER_EXTENSION = app;
			};
			name = Debug;
		};
		36FC483117CCDAF700EB01F3 /* Release */ = {
			isa = XCBuildConfiguration;
			buildSettings = {
				GCC_PRECOMPILE_PREFIX_HEADER = YES;
				GCC_PREFIX_HEADER = "Andrei_Birsan_AOC1_W4/Andrei_Birsan_AOC1_W4-Prefix.pch";
				INFOPLIST_FILE = "Andrei_Birsan_AOC1_W4/Andrei_Birsan_AOC1_W4-Info.plist";
				PRODUCT_NAME = "$(TARGET_NAME)";
				WRAPPER_EXTENSION = app;
			};
			name = Release;
		};
		36FC483317CCDAF700EB01F3 /* Debug */ = {
			isa = XCBuildConfiguration;
			buildSettings = {
				BUNDLE_LOADER = "$(BUILT_PRODUCTS_DIR)/Andrei_Birsan_AOC1_W4.app/Andrei_Birsan_AOC1_W4";
				FRAMEWORK_SEARCH_PATHS = (
					"\"$(SDKROOT)/Developer/Library/Frameworks\"",
					"\"$(DEVELOPER_LIBRARY_DIR)/Frameworks\"",
				);
				GCC_PRECOMPILE_PREFIX_HEADER = YES;
				GCC_PREFIX_HEADER = "Andrei_Birsan_AOC1_W4/Andrei_Birsan_AOC1_W4-Prefix.pch";
				INFOPLIST_FILE = "Andrei_Birsan_AOC1_W4Tests/Andrei_Birsan_AOC1_W4Tests-Info.plist";
				PRODUCT_NAME = "$(TARGET_NAME)";
				TEST_HOST = "$(BUNDLE_LOADER)";
				WRAPPER_EXTENSION = octest;
			};
			name = Debug;
		};
		36FC483417CCDAF700EB01F3 /* Release */ = {
			isa = XCBuildConfiguration;
			buildSettings = {
				BUNDLE_LOADER = "$(BUILT_PRODUCTS_DIR)/Andrei_Birsan_AOC1_W4.app/Andrei_Birsan_AOC1_W4";
				FRAMEWORK_SEARCH_PATHS = (
					"\"$(SDKROOT)/Developer/Library/Frameworks\"",
					"\"$(DEVELOPER_LIBRARY_DIR)/Frameworks\"",
				);
				GCC_PRECOMPILE_PREFIX_HEADER = YES;
				GCC_PREFIX_HEADER = "Andrei_Birsan_AOC1_W4/Andrei_Birsan_AOC1_W4-Prefix.pch";
				INFOPLIST_FILE = "Andrei_Birsan_AOC1_W4Tests/Andrei_Birsan_AOC1_W4Tests-Info.plist";
				PRODUCT_NAME = "$(TARGET_NAME)";
				TEST_HOST = "$(BUNDLE_LOADER)";
				WRAPPER_EXTENSION = octest;
			};
			name = Release;
		};
/* End XCBuildConfiguration section */

/* Begin XCConfigurationList section */
		36FC47F217CCDAF700EB01F3 /* Build configuration list for PBXProject "Andrei_Birsan_AOC1_W4" */ = {
			isa = XCConfigurationList;
			buildConfigurations = (
				36FC482D17CCDAF700EB01F3 /* Debug */,
				36FC482E17CCDAF700EB01F3 /* Release */,
			);
			defaultConfigurationIsVisible = 0;
			defaultConfigurationName = Release;
		};
		36FC482F17CCDAF700EB01F3 /* Build configuration list for PBXNativeTarget "Andrei_Birsan_AOC1_W4" */ = {
			isa = XCConfigurationList;
			buildConfigurations = (
				36FC483017CCDAF700EB01F3 /* Debug */,
				36FC483117CCDAF700EB01F3 /* Release */,
			);
			defaultConfigurationIsVisible = 0;
		};
		36FC483217CCDAF700EB01F3 /* Build configuration list for PBXNativeTarget "Andrei_Birsan_AOC1_W4Tests" */ = {
			isa = XCConfigurationList;
			buildConfigurations = (
				36FC483317CCDAF700EB01F3 /* Debug */,
				36FC483417CCDAF700EB01F3 /* Release */,
			);
			defaultConfigurationIsVisible = 0;
		};
/* End XCConfigurationList section */
	};
	rootObject = 36FC47EF17CCDAF700EB01F3 /* Project object */;
}
